
Microsoft Visual Studio Solution File, Format Version 12.00
# Visual Studio Version 17
VisualStudioVersion = 17.5.33530.505
MinimumVisualStudioVersion = 10.0.40219.1
Project("{9A19103F-16F7-4668-BE54-9A1E7A4F7556}") = "Mastersign.ConfigModel", "Mastersign.ConfigModel\Mastersign.ConfigModel.csproj", "{9FA9B512-BF6D-49DD-AD5D-F2B65F915227}"
EndProject
Project("{9A19103F-16F7-4668-BE54-9A1E7A4F7556}") = "Mastersign.ConfigModel.Test", "Mastersign.ConfigModel.Test\Mastersign.ConfigModel.Test.csproj", "{10C8C047-1754-4110-B2F2-5EABFC714190}"
EndProject
Global
	GlobalSection(SolutionConfigurationPlatforms) = preSolution
		Debug|Any CPU = Debug|Any CPU
		Release|Any CPU = Release|Any CPU
	EndGlobalSection
	GlobalSection(ProjectConfigurationPlatforms) = postSolution
		{9FA9B512-BF6D-49DD-AD5D-F2B65F915227}.Debug|Any CPU.ActiveCfg = Debug|Any CPU
		{9FA9B512-BF6D-49DD-AD5D-F2B65F915227}.Debug|Any CPU.Build.0 = Debug|Any CPU
		{9FA9B512-BF6D-49DD-AD5D-F2B65F915227}.Release|Any CPU.ActiveCfg = Release|Any CPU
		{9FA9B512-BF6D-49DD-AD5D-F2B65F915227}.Release|Any CPU.Build.0 = Release|Any CPU
		{10C8C047-1754-4110-B2F2-5EABFC714190}.Debug|Any CPU.ActiveCfg = Debug|Any CPU
		{10C8C047-1754-4110-B2F2-5EABFC714190}.Debug|Any CPU.Build.0 = Debug|Any CPU
		{10C8C047-1754-4110-B2F2-5EABFC714190}.Release|Any CPU.ActiveCfg = Release|Any CPU
		{10C8C047-1754-4110-B2F2-5EABFC714190}.Release|Any CPU.Build.0 = Release|Any CPU
	EndGlobalSection
	GlobalSection(SolutionProperties) = preSolution
		HideSolutionNode = FALSE
	EndGlobalSection
	GlobalSection(ExtensibilityGlobals) = postSolution
		SolutionGuid = {C72FAAFA-8D5E-4CF6-B501-7C637BF4E0C6}
	EndGlobalSection
EndGlobal
